// !$*UTF8*$!
{
	archiveVersion = 1;
	classes = {
	};
	objectVersion = 50;
	objects = {

/* Begin PBXBuildFile section */
		05A2840224AF3CEC00272AC3 /* AppDelegate.swift in Sources */ = {isa = PBXBuildFile; fileRef = 05A2840124AF3CEC00272AC3 /* AppDelegate.swift */; };
		05A2840424AF3CEC00272AC3 /* SceneDelegate.swift in Sources */ = {isa = PBXBuildFile; fileRef = 05A2840324AF3CEC00272AC3 /* SceneDelegate.swift */; };
		05A2840624AF3CEC00272AC3 /* ViewController.swift in Sources */ = {isa = PBXBuildFile; fileRef = 05A2840524AF3CEC00272AC3 /* ViewController.swift */; };
		05A2840924AF3CEC00272AC3 /* Main.storyboard in Resources */ = {isa = PBXBuildFile; fileRef = 05A2840724AF3CEC00272AC3 /* Main.storyboard */; };
		05A2840B24AF3CFE00272AC3 /* Assets.xcassets in Resources */ = {isa = PBXBuildFile; fileRef = 05A2840A24AF3CFE00272AC3 /* Assets.xcassets */; };
		05A2840E24AF3CFE00272AC3 /* LaunchScreen.storyboard in Resources */ = {isa = PBXBuildFile; fileRef = 05A2840C24AF3CFE00272AC3 /* LaunchScreen.storyboard */; };
		05A2841924AF3CFF00272AC3 /* UISearchBarExTests.swift in Sources */ = {isa = PBXBuildFile; fileRef = 05A2841824AF3CFF00272AC3 /* UISearchBarExTests.swift */; };
		05A2842424AF3CFF00272AC3 /* UISearchBarExUITests.swift in Sources */ = {isa = PBXBuildFile; fileRef = 05A2842324AF3CFF00272AC3 /* UISearchBarExUITests.swift */; };
		05A2843224AF604900272AC3 /* readme.md in Resources */ = {isa = PBXBuildFile; fileRef = 05A2843124AF604900272AC3 /* readme.md */; };
		05A2843424B14A6600272AC3 /* screenshot.png in Resources */ = {isa = PBXBuildFile; fileRef = 05A2843324B14A6400272AC3 /* screenshot.png */; };
/* End PBXBuildFile section */

/* Begin PBXContainerItemProxy section */
		05A2841524AF3CFF00272AC3 /* PBXContainerItemProxy */ = {
			isa = PBXContainerItemProxy;
			containerPortal = 05A283F624AF3CEB00272AC3 /* Project object */;
			proxyType = 1;
			remoteGlobalIDString = 05A283FD24AF3CEC00272AC3;
			remoteInfo = UISearchBarEx;
		};
		05A2842024AF3CFF00272AC3 /* PBXContainerItemProxy */ = {
			isa = PBXContainerItemProxy;
			containerPortal = 05A283F624AF3CEB00272AC3 /* Project object */;
			proxyType = 1;
			remoteGlobalIDString = 05A283FD24AF3CEC00272AC3;
			remoteInfo = UISearchBarEx;
		};
/* End PBXContainerItemProxy section */

/* Begin PBXFileReference section */
		05A283FE24AF3CEC00272AC3 /* UISearchBarEx.app */ = {isa = PBXFileReference; explicitFileType = wrapper.application; includeInIndex = 0; path = UISearchBarEx.app; sourceTree = BUILT_PRODUCTS_DIR; };
		05A2840124AF3CEC00272AC3 /* AppDelegate.swift */ = {isa = PBXFileReference; lastKnownFileType = sourcecode.swift; path = AppDelegate.swift; sourceTree = "<group>"; };
		05A2840324AF3CEC00272AC3 /* SceneDelegate.swift */ = {isa = PBXFileReference; lastKnownFileType = sourcecode.swift; path = SceneDelegate.swift; sourceTree = "<group>"; };
		05A2840524AF3CEC00272AC3 /* ViewController.swift */ = {isa = PBXFileReference; lastKnownFileType = sourcecode.swift; path = ViewController.swift; sourceTree = "<group>"; };
		05A2840824AF3CEC00272AC3 /* Base */ = {isa = PBXFileReference; lastKnownFileType = file.storyboard; name = Base; path = Base.lproj/Main.storyboard; sourceTree = "<group>"; };
		05A2840A24AF3CFE00272AC3 /* Assets.xcassets */ = {isa = PBXFileReference; lastKnownFileType = folder.assetcatalog; path = Assets.xcassets; sourceTree = "<group>"; };
		05A2840D24AF3CFE00272AC3 /* Base */ = {isa = PBXFileReference; lastKnownFileType = file.storyboard; name = Base; path = Base.lproj/LaunchScreen.storyboard; sourceTree = "<group>"; };
		05A2840F24AF3CFE00272AC3 /* Info.plist */ = {isa = PBXFileReference; lastKnownFileType = text.plist.xml; path = Info.plist; sourceTree = "<group>"; };
		05A2841424AF3CFF00272AC3 /* UISearchBarExTests.xctest */ = {isa = PBXFileReference; explicitFileType = wrapper.cfbundle; includeInIndex = 0; path = UISearchBarExTests.xctest; sourceTree = BUILT_PRODUCTS_DIR; };
		05A2841824AF3CFF00272AC3 /* UISearchBarExTests.swift */ = {isa = PBXFileReference; lastKnownFileType = sourcecode.swift; path = UISearchBarExTests.swift; sourceTree = "<group>"; };
		05A2841A24AF3CFF00272AC3 /* Info.plist */ = {isa = PBXFileReference; lastKnownFileType = text.plist.xml; path = Info.plist; sourceTree = "<group>"; };
		05A2841F24AF3CFF00272AC3 /* UISearchBarExUITests.xctest */ = {isa = PBXFileReference; explicitFileType = wrapper.cfbundle; includeInIndex = 0; path = UISearchBarExUITests.xctest; sourceTree = BUILT_PRODUCTS_DIR; };
		05A2842324AF3CFF00272AC3 /* UISearchBarExUITests.swift */ = {isa = PBXFileReference; lastKnownFileType = sourcecode.swift; path = UISearchBarExUITests.swift; sourceTree = "<group>"; };
		05A2842524AF3CFF00272AC3 /* Info.plist */ = {isa = PBXFileReference; lastKnownFileType = text.plist.xml; path = Info.plist; sourceTree = "<group>"; };
		05A2843124AF604900272AC3 /* readme.md */ = {isa = PBXFileReference; lastKnownFileType = net.daringfireball.markdown; path = readme.md; sourceTree = "<group>"; };
		05A2843324B14A6400272AC3 /* screenshot.png */ = {isa = PBXFileReference; lastKnownFileType = image.png; path = screenshot.png; sourceTree = "<group>"; };
/* End PBXFileReference section */

/* Begin PBXFrameworksBuildPhase section */
		05A283FB24AF3CEC00272AC3 /* Frameworks */ = {
			isa = PBXFrameworksBuildPhase;
			buildActionMask = 2147483647;
			files = (
			);
			runOnlyForDeploymentPostprocessing = 0;
		};
		05A2841124AF3CFF00272AC3 /* Frameworks */ = {
			isa = PBXFrameworksBuildPhase;
			buildActionMask = 2147483647;
			files = (
			);
			runOnlyForDeploymentPostprocessing = 0;
		};
		05A2841C24AF3CFF00272AC3 /* Frameworks */ = {
			isa = PBXFrameworksBuildPhase;
			buildActionMask = 2147483647;
			files = (
			);
			runOnlyForDeploymentPostprocessing = 0;
		};
/* End PBXFrameworksBuildPhase section */

/* Begin PBXGroup section */
		05A283F524AF3CEB00272AC3 = {
			isa = PBXGroup;
			children = (
				05A2843124AF604900272AC3 /* readme.md */,
				05A2843324B14A6400272AC3 /* screenshot.png */,
				05A2840024AF3CEC00272AC3 /* UISearchBarEx */,
				05A2841724AF3CFF00272AC3 /* UISearchBarExTests */,
				05A2842224AF3CFF00272AC3 /* UISearchBarExUITests */,
				05A283FF24AF3CEC00272AC3 /* Products */,
			);
			sourceTree = "<group>";
		};
		05A283FF24AF3CEC00272AC3 /* Products */ = {
			isa = PBXGroup;
			children = (
				05A283FE24AF3CEC00272AC3 /* UISearchBarEx.app */,
				05A2841424AF3CFF00272AC3 /* UISearchBarExTests.xctest */,
				05A2841F24AF3CFF00272AC3 /* UISearchBarExUITests.xctest */,
			);
			name = Products;
			sourceTree = "<group>";
		};
		05A2840024AF3CEC00272AC3 /* UISearchBarEx */ = {
			isa = PBXGroup;
			children = (
				05A2840124AF3CEC00272AC3 /* AppDelegate.swift */,
				05A2840324AF3CEC00272AC3 /* SceneDelegate.swift */,
				05A2840524AF3CEC00272AC3 /* ViewController.swift */,
				05A2840724AF3CEC00272AC3 /* Main.storyboard */,
				05A2840A24AF3CFE00272AC3 /* Assets.xcassets */,
				05A2840C24AF3CFE00272AC3 /* LaunchScreen.storyboard */,
				05A2840F24AF3CFE00272AC3 /* Info.plist */,
			);
			path = UISearchBarEx;
			sourceTree = "<group>";
		};
		05A2841724AF3CFF00272AC3 /* UISearchBarExTests */ = {
			isa = PBXGroup;
			children = (
				05A2841824AF3CFF00272AC3 /* UISearchBarExTests.swift */,
				05A2841A24AF3CFF00272AC3 /* Info.plist */,
			);
			path = UISearchBarExTests;
			sourceTree = "<group>";
		};
		05A2842224AF3CFF00272AC3 /* UISearchBarExUITests */ = {
			isa = PBXGroup;
			children = (
				05A2842324AF3CFF00272AC3 /* UISearchBarExUITests.swift */,
				05A2842524AF3CFF00272AC3 /* Info.plist */,
			);
			path = UISearchBarExUITests;
			sourceTree = "<group>";
		};
/* End PBXGroup section */

/* Begin PBXNativeTarget section */
		05A283FD24AF3CEC00272AC3 /* UISearchBarEx */ = {
			isa = PBXNativeTarget;
			buildConfigurationList = 05A2842824AF3CFF00272AC3 /* Build configuration list for PBXNativeTarget "UISearchBarEx" */;
			buildPhases = (
				05A283FA24AF3CEC00272AC3 /* Sources */,
				05A283FB24AF3CEC00272AC3 /* Frameworks */,
				05A283FC24AF3CEC00272AC3 /* Resources */,
			);
			buildRules = (
			);
			dependencies = (
			);
			name = UISearchBarEx;
			productName = UISearchBarEx;
			productReference = 05A283FE24AF3CEC00272AC3 /* UISearchBarEx.app */;
			productType = "com.apple.product-type.application";
		};
		05A2841324AF3CFF00272AC3 /* UISearchBarExTests */ = {
			isa = PBXNativeTarget;
			buildConfigurationList = 05A2842B24AF3CFF00272AC3 /* Build configuration list for PBXNativeTarget "UISearchBarExTests" */;
			buildPhases = (
				05A2841024AF3CFF00272AC3 /* Sources */,
				05A2841124AF3CFF00272AC3 /* Frameworks */,
				05A2841224AF3CFF00272AC3 /* Resources */,
			);
			buildRules = (
			);
			dependencies = (
				05A2841624AF3CFF00272AC3 /* PBXTargetDependency */,
			);
			name = UISearchBarExTests;
			productName = UISearchBarExTests;
			productReference = 05A2841424AF3CFF00272AC3 /* UISearchBarExTests.xctest */;
			productType = "com.apple.product-type.bundle.unit-test";
		};
		05A2841E24AF3CFF00272AC3 /* UISearchBarExUITests */ = {
			isa = PBXNativeTarget;
			buildConfigurationList = 05A2842E24AF3CFF00272AC3 /* Build configuration list for PBXNativeTarget "UISearchBarExUITests" */;
			buildPhases = (
				05A2841B24AF3CFF00272AC3 /* Sources */,
				05A2841C24AF3CFF00272AC3 /* Frameworks */,
				05A2841D24AF3CFF00272AC3 /* Resources */,
			);
			buildRules = (
			);
			dependencies = (
				05A2842124AF3CFF00272AC3 /* PBXTargetDependency */,
			);
			name = UISearchBarExUITests;
			productName = UISearchBarExUITests;
			productReference = 05A2841F24AF3CFF00272AC3 /* UISearchBarExUITests.xctest */;
			productType = "com.apple.product-type.bundle.ui-testing";
		};
/* End PBXNativeTarget section */

/* Begin PBXProject section */
		05A283F624AF3CEB00272AC3 /* Project object */ = {
			isa = PBXProject;
			attributes = {
				LastSwiftUpdateCheck = 1150;
				LastUpgradeCheck = 1150;
				ORGANIZATIONNAME = "Dorian Lee";
				TargetAttributes = {
					05A283FD24AF3CEC00272AC3 = {
						CreatedOnToolsVersion = 11.5;
					};
					05A2841324AF3CFF00272AC3 = {
						CreatedOnToolsVersion = 11.5;
						TestTargetID = 05A283FD24AF3CEC00272AC3;
					};
					05A2841E24AF3CFF00272AC3 = {
						CreatedOnToolsVersion = 11.5;
						TestTargetID = 05A283FD24AF3CEC00272AC3;
					};
				};
			};
			buildConfigurationList = 05A283F924AF3CEB00272AC3 /* Build configuration list for PBXProject "UISearchBarEx" */;
			compatibilityVersion = "Xcode 9.3";
			developmentRegion = en;
			hasScannedForEncodings = 0;
			knownRegions = (
				en,
				Base,
			);
			mainGroup = 05A283F524AF3CEB00272AC3;
			productRefGroup = 05A283FF24AF3CEC00272AC3 /* Products */;
			projectDirPath = "";
			projectRoot = "";
			targets = (
				05A283FD24AF3CEC00272AC3 /* UISearchBarEx */,
				05A2841324AF3CFF00272AC3 /* UISearchBarExTests */,
				05A2841E24AF3CFF00272AC3 /* UISearchBarExUITests */,
			);
		};
/* End PBXProject section */

/* Begin PBXResourcesBuildPhase section */
		05A283FC24AF3CEC00272AC3 /* Resources */ = {
			isa = PBXResourcesBuildPhase;
			buildActionMask = 2147483647;
			files = (
				05A2840E24AF3CFE00272AC3 /* LaunchScreen.storyboard in Resources */,
				05A2840B24AF3CFE00272AC3 /* Assets.xcassets in Resources */,
				05A2843224AF604900272AC3 /* readme.md in Resources */,
				05A2840924AF3CEC00272AC3 /* Main.storyboard in Resources */,
				05A2843424B14A6600272AC3 /* screenshot.png in Resources */,
			);
			runOnlyForDeploymentPostprocessing = 0;
		};
		05A2841224AF3CFF00272AC3 /* Resources */ = {
			isa = PBXResourcesBuildPhase;
			buildActionMask = 2147483647;
			files = (
			);
			runOnlyForDeploymentPostprocessing = 0;
		};
		05A2841D24AF3CFF00272AC3 /* Resources */ = {
			isa = PBXResourcesBuildPhase;
			buildActionMask = 2147483647;
			files = (
			);
			runOnlyForDeploymentPostprocessing = 0;
		};
/* End PBXResourcesBuildPhase section */

/* Begin PBXSourcesBuildPhase section */
		05A283FA24AF3CEC00272AC3 /* Sources */ = {
			isa = PBXSourcesBuildPhase;
			buildActionMask = 2147483647;
			files = (
				05A2840624AF3CEC00272AC3 /* ViewController.swift in Sources */,
				05A2840224AF3CEC00272AC3 /* AppDelegate.swift in Sources */,
				05A2840424AF3CEC00272AC3 /* SceneDelegate.swift in Sources */,
			);
			runOnlyForDeploymentPostprocessing = 0;
		};
		05A2841024AF3CFF00272AC3 /* Sources */ = {
			isa = PBXSourcesBuildPhase;
			buildActionMask = 2147483647;
			files = (
				05A2841924AF3CFF00272AC3 /* UISearchBarExTests.swift in Sources */,
			);
			runOnlyForDeploymentPostprocessing = 0;
		};
		05A2841B24AF3CFF00272AC3 /* Sources */ = {
			isa = PBXSourcesBuildPhase;
			buildActionMask = 2147483647;
			files = (
				05A2842424AF3CFF00272AC3 /* UISearchBarExUITests.swift in Sources */,
			);
			runOnlyForDeploymentPostprocessing = 0;
		};
/* End PBXSourcesBuildPhase section */

/* Begin PBXTargetDependency section */
		05A2841624AF3CFF00272AC3 /* PBXTargetDependency */ = {
			isa = PBXTargetDependency;
			target = 05A283FD24AF3CEC00272AC3 /* UISearchBarEx */;
			targetProxy = 05A2841524AF3CFF00272AC3 /* PBXContainerItemProxy */;
		};
		05A2842124AF3CFF00272AC3 /* PBXTargetDependency */ = {
			isa = PBXTargetDependency;
			target = 05A283FD24AF3CEC00272AC3 /* UISearchBarEx */;
			targetProxy = 05A2842024AF3CFF00272AC3 /* PBXContainerItemProxy */;
		};
/* End PBXTargetDependency section */

/* Begin PBXVariantGroup section */
		05A2840724AF3CEC00272AC3 /* Main.storyboard */ = {
			isa = PBXVariantGroup;
			children = (
				05A2840824AF3CEC00272AC3 /* Base */,
			);
			name = Main.storyboard;
			sourceTree = "<group>";
		};
		05A2840C24AF3CFE00272AC3 /* LaunchScreen.storyboard */ = {
			isa = PBXVariantGroup;
			children = (
				05A2840D24AF3CFE00272AC3 /* Base */,
			);
			name = LaunchScreen.storyboard;
			sourceTree = "<group>";
		};
/* End PBXVariantGroup section */

/* Begin XCBuildConfiguration section */
		05A2842624AF3CFF00272AC3 /* Debug */ = {
			isa = XCBuildConfiguration;
			buildSettings = {
				ALWAYS_SEARCH_USER_PATHS = NO;
				CLANG_ANALYZER_NONNULL = YES;
				CLANG_ANALYZER_NUMBER_OBJECT_CONVERSION = YES_AGGRESSIVE;
				CLANG_CXX_LANGUAGE_STANDARD = "gnu++14";
				CLANG_CXX_LIBRARY = "libc++";
				CLANG_ENABLE_MODULES = YES;
				CLANG_ENABLE_OBJC_ARC = YES;
				CLANG_ENABLE_OBJC_WEAK = YES;
				CLANG_WARN_BLOCK_CAPTURE_AUTORELEASING = YES;
				CLANG_WARN_BOOL_CONVERSION = YES;
				CLANG_WARN_COMMA = YES;
				CLANG_WARN_CONSTANT_CONVERSION = YES;
				CLANG_WARN_DEPRECATED_OBJC_IMPLEMENTATIONS = YES;
				CLANG_WARN_DIRECT_OBJC_ISA_USAGE = YES_ERROR;
				CLANG_WARN_DOCUMENTATION_COMMENTS = YES;
				CLANG_WARN_EMPTY_BODY = YES;
				CLANG_WARN_ENUM_CONVERSION = YES;
				CLANG_WARN_INFINITE_RECURSION = YES;
				CLANG_WARN_INT_CONVERSION = YES;
				CLANG_WARN_NON_LITERAL_NULL_CONVERSION = YES;
				CLANG_WARN_OBJC_IMPLICIT_RETAIN_SELF = YES;
				CLANG_WARN_OBJC_LITERAL_CONVERSION = YES;
				CLANG_WARN_OBJC_ROOT_CLASS = YES_ERROR;
				CLANG_WARN_RANGE_LOOP_ANALYSIS = YES;
				CLANG_WARN_STRICT_PROTOTYPES = YES;
				CLANG_WARN_SUSPICIOUS_MOVE = YES;
				CLANG_WARN_UNGUARDED_AVAILABILITY = YES_AGGRESSIVE;
				CLANG_WARN_UNREACHABLE_CODE = YES;
				CLANG_WARN__DUPLICATE_METHOD_MATCH = YES;
				COPY_PHASE_STRIP = NO;
				DEBUG_INFORMATION_FORMAT = dwarf;
				ENABLE_STRICT_OBJC_MSGSEND = YES;
				ENABLE_TESTABILITY = YES;
				GCC_C_LANGUAGE_STANDARD = gnu11;
				GCC_DYNAMIC_NO_PIC = NO;
				GCC_NO_COMMON_BLOCKS = YES;
				GCC_OPTIMIZATION_LEVEL = 0;
				GCC_PREPROCESSOR_DEFINITIONS = (
					"DEBUG=1",
					"$(inherited)",
				);
				GCC_WARN_64_TO_32_BIT_CONVERSION = YES;
				GCC_WARN_ABOUT_RETURN_TYPE = YES_ERROR;
				GCC_WARN_UNDECLARED_SELECTOR = YES;
				GCC_WARN_UNINITIALIZED_AUTOS = YES_AGGRESSIVE;
				GCC_WARN_UNUSED_FUNCTION = YES;
				GCC_WARN_UNUSED_VARIABLE = YES;
				IPHONEOS_DEPLOYMENT_TARGET = 13.5;
				MTL_ENABLE_DEBUG_INFO = INCLUDE_SOURCE;
				MTL_FAST_MATH = YES;
				ONLY_ACTIVE_ARCH = YES;
				SDKROOT = iphoneos;
				SWIFT_ACTIVE_COMPILATION_CONDITIONS = DEBUG;
				SWIFT_OPTIMIZATION_LEVEL = "-Onone";
			};
			name = Debug;
		};
		05A2842724AF3CFF00272AC3 /* Release */ = {
			isa = XCBuildConfiguration;
			buildSettings = {
				ALWAYS_SEARCH_USER_PATHS = NO;
				CLANG_ANALYZER_NONNULL = YES;
				CLANG_ANALYZER_NUMBER_OBJECT_CONVERSION = YES_AGGRESSIVE;
				CLANG_CXX_LANGUAGE_STANDARD = "gnu++14";
				CLANG_CXX_LIBRARY = "libc++";
				CLANG_ENABLE_MODULES = YES;
				CLANG_ENABLE_OBJC_ARC = YES;
				CLANG_ENABLE_OBJC_WEAK = YES;
				CLANG_WARN_BLOCK_CAPTURE_AUTORELEASING = YES;
				CLANG_WARN_BOOL_CONVERSION = YES;
				CLANG_WARN_COMMA = YES;
				CLANG_WARN_CONSTANT_CONVERSION = YES;
				CLANG_WARN_DEPRECATED_OBJC_IMPLEMENTATIONS = YES;
				CLANG_WARN_DIRECT_OBJC_ISA_USAGE = YES_ERROR;
				CLANG_WARN_DOCUMENTATION_COMMENTS = YES;
				CLANG_WARN_EMPTY_BODY = YES;
				CLANG_WARN_ENUM_CONVERSION = YES;
				CLANG_WARN_INFINITE_RECURSION = YES;
				CLANG_WARN_INT_CONVERSION = YES;
				CLANG_WARN_NON_LITERAL_NULL_CONVERSION = YES;
				CLANG_WARN_OBJC_IMPLICIT_RETAIN_SELF = YES;
				CLANG_WARN_OBJC_LITERAL_CONVERSION = YES;
				CLANG_WARN_OBJC_ROOT_CLASS = YES_ERROR;
				CLANG_WARN_RANGE_LOOP_ANALYSIS = YES;
				CLANG_WARN_STRICT_PROTOTYPES = YES;
				CLANG_WARN_SUSPICIOUS_MOVE = YES;
				CLANG_WARN_UNGUARDED_AVAILABILITY = YES_AGGRESSIVE;
				CLANG_WARN_UNREACHABLE_CODE = YES;
				CLANG_WARN__DUPLICATE_METHOD_MATCH = YES;
				COPY_PHASE_STRIP = NO;
				DEBUG_INFORMATION_FORMAT = "dwarf-with-dsym";
				ENABLE_NS_ASSERTIONS = NO;
				ENABLE_STRICT_OBJC_MSGSEND = YES;
				GCC_C_LANGUAGE_STANDARD = gnu11;
				GCC_NO_COMMON_BLOCKS = YES;
				GCC_WARN_64_TO_32_BIT_CONVERSION = YES;
				GCC_WARN_ABOUT_RETURN_TYPE = YES_ERROR;
				GCC_WARN_UNDECLARED_SELECTOR = YES;
				GCC_WARN_UNINITIALIZED_AUTOS = YES_AGGRESSIVE;
				GCC_WARN_UNUSED_FUNCTION = YES;
				GCC_WARN_UNUSED_VARIABLE = YES;
				IPHONEOS_DEPLOYMENT_TARGET = 13.5;
				MTL_ENABLE_DEBUG_INFO = NO;
				MTL_FAST_MATH = YES;
				SDKROOT = iphoneos;
				SWIFT_COMPILATION_MODE = wholemodule;
				SWIFT_OPTIMIZATION_LEVEL = "-O";
				VALIDATE_PRODUCT = YES;
			};
			name = Release;
		};
		05A2842924AF3CFF00272AC3 /* Debug */ = {
			isa = XCBuildConfiguration;
			buildSettings = {
				ASSETCATALOG_COMPILER_APPICON_NAME = AppIcon;
				CODE_SIGN_STYLE = Automatic;
				INFOPLIST_FILE = UISearchBarEx/Info.plist;
				LD_RUNPATH_SEARCH_PATHS = (
					"$(inherited)",
					"@executable_path/Frameworks",
				);
				PRODUCT_BUNDLE_IDENTIFIER = lee.dorian.UISearchBarEx;
				PRODUCT_NAME = "$(TARGET_NAME)";
				SWIFT_VERSION = 5.0;
				TARGETED_DEVICE_FAMILY = 1;
			};
			name = Debug;
		};
		05A2842A24AF3CFF00272AC3 /* Release */ = {
			isa = XCBuildConfiguration;
			buildSettings = {
				ASSETCATALOG_COMPILER_APPICON_NAME = AppIcon;
				CODE_SIGN_STYLE = Automatic;
				INFOPLIST_FILE = UISearchBarEx/Info.plist;
				LD_RUNPATH_SEARCH_PATHS = (
					"$(inherited)",
					"@executable_path/Frameworks",
				);
				PRODUCT_BUNDLE_IDENTIFIER = lee.dorian.UISearchBarEx;
				PRODUCT_NAME = "$(TARGET_NAME)";
				SWIFT_VERSION = 5.0;
				TARGETED_DEVICE_FAMILY = 1;
			};
			name = Release;
		};
		05A2842C24AF3CFF00272AC3 /* Debug */ = {
			isa = XCBuildConfiguration;
			buildSettings = {
				ALWAYS_EMBED_SWIFT_STANDARD_LIBRARIES = YES;
				BUNDLE_LOADER = "$(TEST_HOST)";
				CODE_SIGN_STYLE = Automatic;
				INFOPLIST_FILE = UISearchBarExTests/Info.plist;
				IPHONEOS_DEPLOYMENT_TARGET = 13.5;
				LD_RUNPATH_SEARCH_PATHS = (
					"$(inherited)",
					"@executable_path/Frameworks",
					"@loader_path/Frameworks",
				);
				PRODUCT_BUNDLE_IDENTIFIER = lee.dorian.UISearchBarExTests;
				PRODUCT_NAME = "$(TARGET_NAME)";
				SWIFT_VERSION = 5.0;
				TARGETED_DEVICE_FAMILY = "1,2";
				TEST_HOST = "$(BUILT_PRODUCTS_DIR)/UISearchBarEx.app/UISearchBarEx";
			};
			name = Debug;
		};
		05A2842D24AF3CFF00272AC3 /* Release */ = {
			isa = XCBuildConfiguration;
			buildSettings = {
				ALWAYS_EMBED_SWIFT_STANDARD_LIBRARIES = YES;
				BUNDLE_LOADER = "$(TEST_HOST)";
				CODE_SIGN_STYLE = Automatic;
				INFOPLIST_FILE = UISearchBarExTests/Info.plist;
				IPHONEOS_DEPLOYMENT_TARGET = 13.5;
				LD_RUNPATH_SEARCH_PATHS = (
					"$(inherited)",
					"@executable_path/Frameworks",
					"@loader_path/Frameworks",
				);
				PRODUCT_BUNDLE_IDENTIFIER = lee.dorian.UISearchBarExTests;
				PRODUCT_NAME = "$(TARGET_NAME)";
				SWIFT_VERSION = 5.0;
				TARGETED_DEVICE_FAMILY = "1,2";
				TEST_HOST = "$(BUILT_PRODUCTS_DIR)/UISearchBarEx.app/UISearchBarEx";
			};
			name = Release;
		};
		05A2842F24AF3CFF00272AC3 /* Debug */ = {
			isa = XCBuildConfiguration;
			buildSettings = {
				ALWAYS_EMBED_SWIFT_STANDARD_LIBRARIES = YES;
				CODE_SIGN_STYLE = Automatic;
				INFOPLIST_FILE = UISearchBarExUITests/Info.plist;
				LD_RUNPATH_SEARCH_PATHS = (
					"$(inherited)",
					"@executable_path/Frameworks",
					"@loader_path/Frameworks",
				);
				PRODUCT_BUNDLE_IDENTIFIER = lee.dorian.UISearchBarExUITests;
				PRODUCT_NAME = "$(TARGET_NAME)";
				SWIFT_VERSION = 5.0;
				TARGETED_DEVICE_FAMILY = "1,2";
				TEST_TARGET_NAME = UISearchBarEx;
			};
			name = Debug;
		};
		05A2843024AF3CFF00272AC3 /* Release */ = {
			isa = XCBuildConfiguration;
			buildSettings = {
				ALWAYS_EMBED_SWIFT_STANDARD_LIBRARIES = YES;
				CODE_SIGN_STYLE = Automatic;
				INFOPLIST_FILE = UISearchBarExUITests/Info.plist;
				LD_RUNPATH_SEARCH_PATHS = (
					"$(inherited)",
					"@executable_path/Frameworks",
					"@loader_path/Frameworks",
				);
				PRODUCT_BUNDLE_IDENTIFIER = lee.dorian.UISearchBarExUITests;
				PRODUCT_NAME = "$(TARGET_NAME)";
				SWIFT_VERSION = 5.0;
				TARGETED_DEVICE_FAMILY = "1,2";
				TEST_TARGET_NAME = UISearchBarEx;
			};
			name = Release;
		};
/* End XCBuildConfiguration section */

/* Begin XCConfigurationList section */
		05A283F924AF3CEB00272AC3 /* Build configuration list for PBXProject "UISearchBarEx" */ = {
			isa = XCConfigurationList;
			buildConfigurations = (
				05A2842624AF3CFF00272AC3 /* Debug */,
				05A2842724AF3CFF00272AC3 /* Release */,
			);
			defaultConfigurationIsVisible = 0;
			defaultConfigurationName = Release;
		};
		05A2842824AF3CFF00272AC3 /* Build configuration list for PBXNativeTarget "UISearchBarEx" */ = {
			isa = XCConfigurationList;
			buildConfigurations = (
				05A2842924AF3CFF00272AC3 /* Debug */,
				05A2842A24AF3CFF00272AC3 /* Release */,
			);
			defaultConfigurationIsVisible = 0;
			defaultConfigurationName = Release;
		};
		05A2842B24AF3CFF00272AC3 /* Build configuration list for PBXNativeTarget "UISearchBarExTests" */ = {
			isa = XCConfigurationList;
			buildConfigurations = (
				05A2842C24AF3CFF00272AC3 /* Debug */,
				05A2842D24AF3CFF00272AC3 /* Release */,
			);
			defaultConfigurationIsVisible = 0;
			defaultConfigurationName = Release;
		};
		05A2842E24AF3CFF00272AC3 /* Build configuration list for PBXNativeTarget "UISearchBarExUITests" */ = {
			isa = XCConfigurationList;
			buildConfigurations = (
				05A2842F24AF3CFF00272AC3 /* Debug */,
				05A2843024AF3CFF00272AC3 /* Release */,
			);
			defaultConfigurationIsVisible = 0;
			defaultConfigurationName = Release;
		};
/* End XCConfigurationList section */
	};
	rootObject = 05A283F624AF3CEB00272AC3 /* Project object */;
}
